{
  "pins" : [
    {
      "identity" : "grdb.swift",
      "kind" : "remoteSourceControl",
      "location" : "https://github.com/groue/GRDB.swift.git",
      "state" : {
        "branch" : "master",
        "revision" : "bd9aea303d9dab3a4941ee838a0e4ff51c9448df"
      }
    }
  ],
  "version" : 2
}
