// !$*UTF8*$!
{
	archiveVersion = 1;
	classes = {
	};
	objectVersion = 56;
	objects = {

/* Begin PBXBuildFile section */
		3D04EFA82B9D9A21007FCCE8 /* DomainError.swift in Sources */ = {isa = PBXBuildFile; fileRef = 3D04EFA72B9D9A21007FCCE8 /* DomainError.swift */; };
		3D9E8CCC2B9DEEBC0051754D /* TimeInfoItem.swift in Sources */ = {isa = PBXBuildFile; fileRef = 3D9E8CCB2B9DEEBC0051754D /* TimeInfoItem.swift */; };
		3D9E8CD12B9DF54E0051754D /* TimeInfoTableViewCell.swift in Sources */ = {isa = PBXBuildFile; fileRef = 3D9E8CCF2B9DF54E0051754D /* TimeInfoTableViewCell.swift */; };
		3D9E8CD22B9DF54E0051754D /* TimeInfoTableViewCell.xib in Resources */ = {isa = PBXBuildFile; fileRef = 3D9E8CD02B9DF54E0051754D /* TimeInfoTableViewCell.xib */; };
		3DA8B05C2B9D88E8002DCA3A /* MainDatabase.swift in Sources */ = {isa = PBXBuildFile; fileRef = 3DA8B05B2B9D88E8002DCA3A /* MainDatabase.swift */; };
		3DA8B05F2B9D8A2F002DCA3A /* DatabaseQueueFactory.swift in Sources */ = {isa = PBXBuildFile; fileRef = 3DA8B05E2B9D8A2F002DCA3A /* DatabaseQueueFactory.swift */; };
		3DA8B0612B9D8FF7002DCA3A /* DatabaseDefinition.swift in Sources */ = {isa = PBXBuildFile; fileRef = 3DA8B0602B9D8FF7002DCA3A /* DatabaseDefinition.swift */; };
		3DA8B0632B9D900E002DCA3A /* DatabaseError.swift in Sources */ = {isa = PBXBuildFile; fileRef = 3DA8B0622B9D900E002DCA3A /* DatabaseError.swift */; };
		3DBE3FEE2BA6D6B20040E127 /* InputTime.storyboard in Resources */ = {isa = PBXBuildFile; fileRef = 3DBE3FED2BA6D6B20040E127 /* InputTime.storyboard */; };
		3DC5AA3B2BA58EC000055884 /* Localizable.strings in Resources */ = {isa = PBXBuildFile; fileRef = 3DC5AA3A2BA58EC000055884 /* Localizable.strings */; };
		3DC5AA422BA5A15100055884 /* BaseViewController.swift in Sources */ = {isa = PBXBuildFile; fileRef = 3DC5AA412BA5A15100055884 /* BaseViewController.swift */; };
		3DDC4A912BA729FD009CFF1F /* R.generated.swift in Sources */ = {isa = PBXBuildFile; fileRef = 3DDC4A902BA729FD009CFF1F /* R.generated.swift */; };
		3DF81CB72B9C48BE00C722C5 /* AppDelegate.swift in Sources */ = {isa = PBXBuildFile; fileRef = 3DF81CB62B9C48BE00C722C5 /* AppDelegate.swift */; };
		3DF81CB92B9C48BE00C722C5 /* SceneDelegate.swift in Sources */ = {isa = PBXBuildFile; fileRef = 3DF81CB82B9C48BE00C722C5 /* SceneDelegate.swift */; };
		3DF81CBB2B9C48BE00C722C5 /* InputTimeViewController.swift in Sources */ = {isa = PBXBuildFile; fileRef = 3DF81CBA2B9C48BE00C722C5 /* InputTimeViewController.swift */; };
		3DF81CBE2B9C48BE00C722C5 /* TimeList.storyboard in Resources */ = {isa = PBXBuildFile; fileRef = 3DF81CBC2B9C48BE00C722C5 /* TimeList.storyboard */; };
		3DF81CC02B9C48BF00C722C5 /* Assets.xcassets in Resources */ = {isa = PBXBuildFile; fileRef = 3DF81CBF2B9C48BF00C722C5 /* Assets.xcassets */; };
		3DF81CC32B9C48BF00C722C5 /* LaunchScreen.storyboard in Resources */ = {isa = PBXBuildFile; fileRef = 3DF81CC12B9C48BF00C722C5 /* LaunchScreen.storyboard */; };
		3DF81CCE2B9C4BF700C722C5 /* InputTimeViewModel.swift in Sources */ = {isa = PBXBuildFile; fileRef = 3DF81CCD2B9C4BF700C722C5 /* InputTimeViewModel.swift */; };
		3DF81CD02B9C4D2600C722C5 /* TimeListViewController.swift in Sources */ = {isa = PBXBuildFile; fileRef = 3DF81CCF2B9C4D2600C722C5 /* TimeListViewController.swift */; };
		3DF81CD22B9C4D3600C722C5 /* TimeListViewModel.swift in Sources */ = {isa = PBXBuildFile; fileRef = 3DF81CD12B9C4D3600C722C5 /* TimeListViewModel.swift */; };
		3DF81CD42B9CC15100C722C5 /* TimeUseCase.swift in Sources */ = {isa = PBXBuildFile; fileRef = 3DF81CD32B9CC15100C722C5 /* TimeUseCase.swift */; };
		3DF81CD82B9CC42800C722C5 /* TimeRepository.swift in Sources */ = {isa = PBXBuildFile; fileRef = 3DF81CD72B9CC42800C722C5 /* TimeRepository.swift */; };
		3DF81CDC2B9CC47E00C722C5 /* TimeLocalStore.swift in Sources */ = {isa = PBXBuildFile; fileRef = 3DF81CDB2B9CC47E00C722C5 /* TimeLocalStore.swift */; };
		3DF81CDF2B9CCCFA00C722C5 /* TimeInfoDao.swift in Sources */ = {isa = PBXBuildFile; fileRef = 3DF81CDE2B9CCCFA00C722C5 /* TimeInfoDao.swift */; };
		3DF81CE22B9CCDAF00C722C5 /* DBAccessor.swift in Sources */ = {isa = PBXBuildFile; fileRef = 3DF81CE12B9CCDAF00C722C5 /* DBAccessor.swift */; };
		3DF81CE52B9CCF7F00C722C5 /* TimeInfoRecord.swift in Sources */ = {isa = PBXBuildFile; fileRef = 3DF81CE42B9CCF7F00C722C5 /* TimeInfoRecord.swift */; };
		CCEF9BE504E2067163BB613F /* Pods_TimeManagement.framework in Frameworks */ = {isa = PBXBuildFile; fileRef = C4FAAAFA2518F2C6CF004086 /* Pods_TimeManagement.framework */; };
/* End PBXBuildFile section */

/* Begin PBXFileReference section */
		3D04EFA72B9D9A21007FCCE8 /* DomainError.swift */ = {isa = PBXFileReference; lastKnownFileType = sourcecode.swift; path = DomainError.swift; sourceTree = "<group>"; };
		3D9E8CCB2B9DEEBC0051754D /* TimeInfoItem.swift */ = {isa = PBXFileReference; lastKnownFileType = sourcecode.swift; path = TimeInfoItem.swift; sourceTree = "<group>"; };
		3D9E8CCF2B9DF54E0051754D /* TimeInfoTableViewCell.swift */ = {isa = PBXFileReference; lastKnownFileType = sourcecode.swift; path = TimeInfoTableViewCell.swift; sourceTree = "<group>"; };
		3D9E8CD02B9DF54E0051754D /* TimeInfoTableViewCell.xib */ = {isa = PBXFileReference; lastKnownFileType = file.xib; path = TimeInfoTableViewCell.xib; sourceTree = "<group>"; };
		3DA8B05B2B9D88E8002DCA3A /* MainDatabase.swift */ = {isa = PBXFileReference; lastKnownFileType = sourcecode.swift; path = MainDatabase.swift; sourceTree = "<group>"; };
		3DA8B05E2B9D8A2F002DCA3A /* DatabaseQueueFactory.swift */ = {isa = PBXFileReference; lastKnownFileType = sourcecode.swift; path = DatabaseQueueFactory.swift; sourceTree = "<group>"; };
		3DA8B0602B9D8FF7002DCA3A /* DatabaseDefinition.swift */ = {isa = PBXFileReference; lastKnownFileType = sourcecode.swift; path = DatabaseDefinition.swift; sourceTree = "<group>"; };
		3DA8B0622B9D900E002DCA3A /* DatabaseError.swift */ = {isa = PBXFileReference; lastKnownFileType = sourcecode.swift; path = DatabaseError.swift; sourceTree = "<group>"; };
		3DBE3FED2BA6D6B20040E127 /* InputTime.storyboard */ = {isa = PBXFileReference; lastKnownFileType = file.storyboard; path = InputTime.storyboard; sourceTree = "<group>"; };
		3DC5AA3A2BA58EC000055884 /* Localizable.strings */ = {isa = PBXFileReference; lastKnownFileType = text.plist.strings; path = Localizable.strings; sourceTree = "<group>"; };
		3DC5AA412BA5A15100055884 /* BaseViewController.swift */ = {isa = PBXFileReference; lastKnownFileType = sourcecode.swift; path = BaseViewController.swift; sourceTree = "<group>"; };
		3DDC4A902BA729FD009CFF1F /* R.generated.swift */ = {isa = PBXFileReference; fileEncoding = 4; lastKnownFileType = sourcecode.swift; path = R.generated.swift; sourceTree = "<group>"; };
		3DF81CB32B9C48BE00C722C5 /* TimeManagement.app */ = {isa = PBXFileReference; explicitFileType = wrapper.application; includeInIndex = 0; path = TimeManagement.app; sourceTree = BUILT_PRODUCTS_DIR; };
		3DF81CB62B9C48BE00C722C5 /* AppDelegate.swift */ = {isa = PBXFileReference; lastKnownFileType = sourcecode.swift; path = AppDelegate.swift; sourceTree = "<group>"; };
		3DF81CB82B9C48BE00C722C5 /* SceneDelegate.swift */ = {isa = PBXFileReference; lastKnownFileType = sourcecode.swift; path = SceneDelegate.swift; sourceTree = "<group>"; };
		3DF81CBA2B9C48BE00C722C5 /* InputTimeViewController.swift */ = {isa = PBXFileReference; lastKnownFileType = sourcecode.swift; path = InputTimeViewController.swift; sourceTree = "<group>"; };
		3DF81CBD2B9C48BE00C722C5 /* Base */ = {isa = PBXFileReference; lastKnownFileType = file.storyboard; name = Base; path = Base.lproj/TimeList.storyboard; sourceTree = "<group>"; };
		3DF81CBF2B9C48BF00C722C5 /* Assets.xcassets */ = {isa = PBXFileReference; lastKnownFileType = folder.assetcatalog; path = Assets.xcassets; sourceTree = "<group>"; };
		3DF81CC22B9C48BF00C722C5 /* Base */ = {isa = PBXFileReference; lastKnownFileType = file.storyboard; name = Base; path = Base.lproj/LaunchScreen.storyboard; sourceTree = "<group>"; };
		3DF81CC42B9C48BF00C722C5 /* Info.plist */ = {isa = PBXFileReference; lastKnownFileType = text.plist.xml; path = Info.plist; sourceTree = "<group>"; };
		3DF81CCD2B9C4BF700C722C5 /* InputTimeViewModel.swift */ = {isa = PBXFileReference; lastKnownFileType = sourcecode.swift; path = InputTimeViewModel.swift; sourceTree = "<group>"; };
		3DF81CCF2B9C4D2600C722C5 /* TimeListViewController.swift */ = {isa = PBXFileReference; lastKnownFileType = sourcecode.swift; path = TimeListViewController.swift; sourceTree = "<group>"; };
		3DF81CD12B9C4D3600C722C5 /* TimeListViewModel.swift */ = {isa = PBXFileReference; lastKnownFileType = sourcecode.swift; path = TimeListViewModel.swift; sourceTree = "<group>"; };
		3DF81CD32B9CC15100C722C5 /* TimeUseCase.swift */ = {isa = PBXFileReference; lastKnownFileType = sourcecode.swift; path = TimeUseCase.swift; sourceTree = "<group>"; };
		3DF81CD72B9CC42800C722C5 /* TimeRepository.swift */ = {isa = PBXFileReference; lastKnownFileType = sourcecode.swift; path = TimeRepository.swift; sourceTree = "<group>"; };
		3DF81CDB2B9CC47E00C722C5 /* TimeLocalStore.swift */ = {isa = PBXFileReference; lastKnownFileType = sourcecode.swift; path = TimeLocalStore.swift; sourceTree = "<group>"; };
		3DF81CDE2B9CCCFA00C722C5 /* TimeInfoDao.swift */ = {isa = PBXFileReference; lastKnownFileType = sourcecode.swift; path = TimeInfoDao.swift; sourceTree = "<group>"; };
		3DF81CE12B9CCDAF00C722C5 /* DBAccessor.swift */ = {isa = PBXFileReference; lastKnownFileType = sourcecode.swift; path = DBAccessor.swift; sourceTree = "<group>"; };
		3DF81CE42B9CCF7F00C722C5 /* TimeInfoRecord.swift */ = {isa = PBXFileReference; lastKnownFileType = sourcecode.swift; path = TimeInfoRecord.swift; sourceTree = "<group>"; };
		3FD51DE5294E1C5682EF2FC5 /* Pods-TimeManagement.debug.xcconfig */ = {isa = PBXFileReference; includeInIndex = 1; lastKnownFileType = text.xcconfig; name = "Pods-TimeManagement.debug.xcconfig"; path = "Target Support Files/Pods-TimeManagement/Pods-TimeManagement.debug.xcconfig"; sourceTree = "<group>"; };
		C4FAAAFA2518F2C6CF004086 /* Pods_TimeManagement.framework */ = {isa = PBXFileReference; explicitFileType = wrapper.framework; includeInIndex = 0; path = Pods_TimeManagement.framework; sourceTree = BUILT_PRODUCTS_DIR; };
		DAC64527F866F70D4E450B8B /* Pods-TimeManagement.release.xcconfig */ = {isa = PBXFileReference; includeInIndex = 1; lastKnownFileType = text.xcconfig; name = "Pods-TimeManagement.release.xcconfig"; path = "Target Support Files/Pods-TimeManagement/Pods-TimeManagement.release.xcconfig"; sourceTree = "<group>"; };
/* End PBXFileReference section */

/* Begin PBXFrameworksBuildPhase section */
		3DF81CB02B9C48BE00C722C5 /* Frameworks */ = {
			isa = PBXFrameworksBuildPhase;
			buildActionMask = 2147483647;
			files = (
				CCEF9BE504E2067163BB613F /* Pods_TimeManagement.framework in Frameworks */,
			);
			runOnlyForDeploymentPostprocessing = 0;
		};
/* End PBXFrameworksBuildPhase section */

/* Begin PBXGroup section */
		3D04EFA62B9D9A15007FCCE8 /* Error */ = {
			isa = PBXGroup;
			children = (
				3D04EFA72B9D9A21007FCCE8 /* DomainError.swift */,
			);
			path = Error;
			sourceTree = "<group>";
		};
		3D9E8CD82B9E02300051754D /* Frameworks */ = {
			isa = PBXGroup;
			children = (
				C4FAAAFA2518F2C6CF004086 /* Pods_TimeManagement.framework */,
			);
			name = Frameworks;
			sourceTree = "<group>";
		};
		3DA8B05D2B9D89CA002DCA3A /* Utility */ = {
			isa = PBXGroup;
			children = (
				3DA8B05E2B9D8A2F002DCA3A /* DatabaseQueueFactory.swift */,
				3DA8B0622B9D900E002DCA3A /* DatabaseError.swift */,
			);
			path = Utility;
			sourceTree = "<group>";
		};
		3DBE3FF32BA6D9AD0040E127 /* TimeList */ = {
			isa = PBXGroup;
			children = (
				3DBE3FF62BA6D9EB0040E127 /* Cell */,
				3DF81CBC2B9C48BE00C722C5 /* TimeList.storyboard */,
				3DF81CCF2B9C4D2600C722C5 /* TimeListViewController.swift */,
				3DF81CD12B9C4D3600C722C5 /* TimeListViewModel.swift */,
			);
			path = TimeList;
			sourceTree = "<group>";
		};
		3DBE3FF52BA6D9CE0040E127 /* InputTime */ = {
			isa = PBXGroup;
			children = (
				3DBE3FED2BA6D6B20040E127 /* InputTime.storyboard */,
				3DF81CBA2B9C48BE00C722C5 /* InputTimeViewController.swift */,
				3DF81CCD2B9C4BF700C722C5 /* InputTimeViewModel.swift */,
			);
			path = InputTime;
			sourceTree = "<group>";
		};
		3DBE3FF62BA6D9EB0040E127 /* Cell */ = {
			isa = PBXGroup;
			children = (
				3D9E8CCF2B9DF54E0051754D /* TimeInfoTableViewCell.swift */,
				3D9E8CD02B9DF54E0051754D /* TimeInfoTableViewCell.xib */,
			);
			path = Cell;
			sourceTree = "<group>";
		};
		3DC5AA402BA5A13D00055884 /* Utility */ = {
			isa = PBXGroup;
			children = (
				3DC5AA412BA5A15100055884 /* BaseViewController.swift */,
			);
			path = Utility;
			sourceTree = "<group>";
		};
		3DF81CAA2B9C48BE00C722C5 = {
			isa = PBXGroup;
			children = (
				3DF81CB52B9C48BE00C722C5 /* TimeManagement */,
				3DF81CB42B9C48BE00C722C5 /* Products */,
				3D9E8CD82B9E02300051754D /* Frameworks */,
				46410975046F11BE49D163D4 /* Pods */,
			);
			sourceTree = "<group>";
		};
		3DF81CB42B9C48BE00C722C5 /* Products */ = {
			isa = PBXGroup;
			children = (
				3DF81CB32B9C48BE00C722C5 /* TimeManagement.app */,
			);
			name = Products;
			sourceTree = "<group>";
		};
		3DF81CB52B9C48BE00C722C5 /* TimeManagement */ = {
			isa = PBXGroup;
			children = (
				3DF81CCB2B9C48D600C722C5 /* Presentation */,
				3DF81CCA2B9C48CE00C722C5 /* Domain */,
				3DF81CCC2B9C48E200C722C5 /* Infra */,
				3DC5AA402BA5A13D00055884 /* Utility */,
				3DDC4A902BA729FD009CFF1F /* R.generated.swift */,
				3DF81CB62B9C48BE00C722C5 /* AppDelegate.swift */,
				3DF81CB82B9C48BE00C722C5 /* SceneDelegate.swift */,
				3DF81CBF2B9C48BF00C722C5 /* Assets.xcassets */,
				3DF81CC12B9C48BF00C722C5 /* LaunchScreen.storyboard */,
				3DF81CC42B9C48BF00C722C5 /* Info.plist */,
				3DC5AA3A2BA58EC000055884 /* Localizable.strings */,
			);
			path = TimeManagement;
			sourceTree = "<group>";
		};
		3DF81CCA2B9C48CE00C722C5 /* Domain */ = {
			isa = PBXGroup;
			children = (
				3D04EFA62B9D9A15007FCCE8 /* Error */,
				3DF81CD52B9CC15500C722C5 /* UseCase */,
			);
			path = Domain;
			sourceTree = "<group>";
		};
		3DF81CCB2B9C48D600C722C5 /* Presentation */ = {
			isa = PBXGroup;
			children = (
				3DBE3FF32BA6D9AD0040E127 /* TimeList */,
				3DBE3FF52BA6D9CE0040E127 /* InputTime */,
				3D9E8CCB2B9DEEBC0051754D /* TimeInfoItem.swift */,
			);
			path = Presentation;
			sourceTree = "<group>";
		};
		3DF81CCC2B9C48E200C722C5 /* Infra */ = {
			isa = PBXGroup;
			children = (
				3DF81CD62B9CC27600C722C5 /* Repository */,
				3DF81CDA2B9CC46000C722C5 /* Store */,
				3DF81CDD2B9CCCCC00C722C5 /* DAO */,
				3DF81CE02B9CCDA000C722C5 /* DB */,
			);
			path = Infra;
			sourceTree = "<group>";
		};
		3DF81CD52B9CC15500C722C5 /* UseCase */ = {
			isa = PBXGroup;
			children = (
				3DF81CD32B9CC15100C722C5 /* TimeUseCase.swift */,
			);
			path = UseCase;
			sourceTree = "<group>";
		};
		3DF81CD62B9CC27600C722C5 /* Repository */ = {
			isa = PBXGroup;
			children = (
				3DF81CD72B9CC42800C722C5 /* TimeRepository.swift */,
			);
			path = Repository;
			sourceTree = "<group>";
		};
		3DF81CDA2B9CC46000C722C5 /* Store */ = {
			isa = PBXGroup;
			children = (
				3DF81CDB2B9CC47E00C722C5 /* TimeLocalStore.swift */,
			);
			path = Store;
			sourceTree = "<group>";
		};
		3DF81CDD2B9CCCCC00C722C5 /* DAO */ = {
			isa = PBXGroup;
			children = (
				3DF81CDE2B9CCCFA00C722C5 /* TimeInfoDao.swift */,
			);
			path = DAO;
			sourceTree = "<group>";
		};
		3DF81CE02B9CCDA000C722C5 /* DB */ = {
			isa = PBXGroup;
			children = (
				3DA8B05D2B9D89CA002DCA3A /* Utility */,
				3DF81CE32B9CCF6200C722C5 /* Record */,
				3DF81CE12B9CCDAF00C722C5 /* DBAccessor.swift */,
				3DA8B05B2B9D88E8002DCA3A /* MainDatabase.swift */,
				3DA8B0602B9D8FF7002DCA3A /* DatabaseDefinition.swift */,
			);
			path = DB;
			sourceTree = "<group>";
		};
		3DF81CE32B9CCF6200C722C5 /* Record */ = {
			isa = PBXGroup;
			children = (
				3DF81CE42B9CCF7F00C722C5 /* TimeInfoRecord.swift */,
			);
			path = Record;
			sourceTree = "<group>";
		};
		46410975046F11BE49D163D4 /* Pods */ = {
			isa = PBXGroup;
			children = (
				3FD51DE5294E1C5682EF2FC5 /* Pods-TimeManagement.debug.xcconfig */,
				DAC64527F866F70D4E450B8B /* Pods-TimeManagement.release.xcconfig */,
			);
			path = Pods;
			sourceTree = "<group>";
		};
/* End PBXGroup section */

/* Begin PBXNativeTarget section */
		3DF81CB22B9C48BE00C722C5 /* TimeManagement */ = {
			isa = PBXNativeTarget;
			buildConfigurationList = 3DF81CC72B9C48BF00C722C5 /* Build configuration list for PBXNativeTarget "TimeManagement" */;
			buildPhases = (
				692C1D2F1B8B692B8D423CD0 /* [CP] Check Pods Manifest.lock */,
				3D512F1C2BA6ABBA008587E5 /* ShellScript */,
				3DF81CAF2B9C48BE00C722C5 /* Sources */,
				3DF81CB02B9C48BE00C722C5 /* Frameworks */,
				3DF81CB12B9C48BE00C722C5 /* Resources */,
				862AEE1F2C7B0284818A12DB /* [CP] Embed Pods Frameworks */,
			);
			buildRules = (
			);
			dependencies = (
				3D9E8CDA2B9E02570051754D /* PBXTargetDependency */,
			);
			name = TimeManagement;
			productName = TimeManagement;
			productReference = 3DF81CB32B9C48BE00C722C5 /* TimeManagement.app */;
			productType = "com.apple.product-type.application";
		};
/* End PBXNativeTarget section */

/* Begin PBXProject section */
		3DF81CAB2B9C48BE00C722C5 /* Project object */ = {
			isa = PBXProject;
			attributes = {
				BuildIndependentTargetsInParallel = 1;
				LastSwiftUpdateCheck = 1500;
				LastUpgradeCheck = 1500;
				TargetAttributes = {
					3DF81CB22B9C48BE00C722C5 = {
						CreatedOnToolsVersion = 15.0.1;
					};
				};
			};
			buildConfigurationList = 3DF81CAE2B9C48BE00C722C5 /* Build configuration list for PBXProject "TimeManagement" */;
			compatibilityVersion = "Xcode 14.0";
			developmentRegion = en;
			hasScannedForEncodings = 0;
			knownRegions = (
				en,
				Base,
			);
			mainGroup = 3DF81CAA2B9C48BE00C722C5;
			productRefGroup = 3DF81CB42B9C48BE00C722C5 /* Products */;
			projectDirPath = "";
			projectRoot = "";
			targets = (
				3DF81CB22B9C48BE00C722C5 /* TimeManagement */,
			);
		};
/* End PBXProject section */

/* Begin PBXResourcesBuildPhase section */
		3DF81CB12B9C48BE00C722C5 /* Resources */ = {
			isa = PBXResourcesBuildPhase;
			buildActionMask = 2147483647;
			files = (
				3DBE3FEE2BA6D6B20040E127 /* InputTime.storyboard in Resources */,
				3DC5AA3B2BA58EC000055884 /* Localizable.strings in Resources */,
				3D9E8CD22B9DF54E0051754D /* TimeInfoTableViewCell.xib in Resources */,
				3DF81CC32B9C48BF00C722C5 /* LaunchScreen.storyboard in Resources */,
				3DF81CC02B9C48BF00C722C5 /* Assets.xcassets in Resources */,
				3DF81CBE2B9C48BE00C722C5 /* TimeList.storyboard in Resources */,
			);
			runOnlyForDeploymentPostprocessing = 0;
		};
/* End PBXResourcesBuildPhase section */

/* Begin PBXShellScriptBuildPhase section */
		3D512F1C2BA6ABBA008587E5 /* ShellScript */ = {
			isa = PBXShellScriptBuildPhase;
			alwaysOutOfDate = 1;
			buildActionMask = 2147483647;
			files = (
			);
			inputFileListPaths = (
			);
			inputPaths = (
				"$(TEMP_DIR)/rswift-lastrun",
			);
			outputFileListPaths = (
			);
			outputPaths = (
				$SRCROOT/R.generated.swift,
			);
			runOnlyForDeploymentPostprocessing = 0;
			shellPath = /bin/sh;
			shellScript = "# Type a script or drag a script file from your workspace to insert its path.\n\"$PODS_ROOT/R.swift/rswift\" generate \"$SRCROOT/R.generated.swift\"\n";
		};
		692C1D2F1B8B692B8D423CD0 /* [CP] Check Pods Manifest.lock */ = {
			isa = PBXShellScriptBuildPhase;
			buildActionMask = 2147483647;
			files = (
			);
			inputFileListPaths = (
			);
			inputPaths = (
				"${PODS_PODFILE_DIR_PATH}/Podfile.lock",
				"${PODS_ROOT}/Manifest.lock",
			);
			name = "[CP] Check Pods Manifest.lock";
			outputFileListPaths = (
			);
			outputPaths = (
				"$(DERIVED_FILE_DIR)/Pods-TimeManagement-checkManifestLockResult.txt",
			);
			runOnlyForDeploymentPostprocessing = 0;
			shellPath = /bin/sh;
			shellScript = "diff \"${PODS_PODFILE_DIR_PATH}/Podfile.lock\" \"${PODS_ROOT}/Manifest.lock\" > /dev/null\nif [ $? != 0 ] ; then\n    # print error to STDERR\n    echo \"error: The sandbox is not in sync with the Podfile.lock. Run 'pod install' or update your CocoaPods installation.\" >&2\n    exit 1\nfi\n# This output is used by Xcode 'outputs' to avoid re-running this script phase.\necho \"SUCCESS\" > \"${SCRIPT_OUTPUT_FILE_0}\"\n";
			showEnvVarsInLog = 0;
		};
		862AEE1F2C7B0284818A12DB /* [CP] Embed Pods Frameworks */ = {
			isa = PBXShellScriptBuildPhase;
			buildActionMask = 2147483647;
			files = (
			);
			inputFileListPaths = (
				"${PODS_ROOT}/Target Support Files/Pods-TimeManagement/Pods-TimeManagement-frameworks-${CONFIGURATION}-input-files.xcfilelist",
			);
			name = "[CP] Embed Pods Frameworks";
			outputFileListPaths = (
				"${PODS_ROOT}/Target Support Files/Pods-TimeManagement/Pods-TimeManagement-frameworks-${CONFIGURATION}-output-files.xcfilelist",
			);
			runOnlyForDeploymentPostprocessing = 0;
			shellPath = /bin/sh;
			shellScript = "\"${PODS_ROOT}/Target Support Files/Pods-TimeManagement/Pods-TimeManagement-frameworks.sh\"\n";
			showEnvVarsInLog = 0;
		};
/* End PBXShellScriptBuildPhase section */

/* Begin PBXSourcesBuildPhase section */
		3DF81CAF2B9C48BE00C722C5 /* Sources */ = {
			isa = PBXSourcesBuildPhase;
			buildActionMask = 2147483647;
			files = (
				3DF81CD02B9C4D2600C722C5 /* TimeListViewController.swift in Sources */,
				3DA8B05F2B9D8A2F002DCA3A /* DatabaseQueueFactory.swift in Sources */,
				3DF81CBB2B9C48BE00C722C5 /* InputTimeViewController.swift in Sources */,
				3DF81CD42B9CC15100C722C5 /* TimeUseCase.swift in Sources */,
				3DF81CB72B9C48BE00C722C5 /* AppDelegate.swift in Sources */,
				3DC5AA422BA5A15100055884 /* BaseViewController.swift in Sources */,
				3D9E8CD12B9DF54E0051754D /* TimeInfoTableViewCell.swift in Sources */,
				3DF81CCE2B9C4BF700C722C5 /* InputTimeViewModel.swift in Sources */,
				3DDC4A912BA729FD009CFF1F /* R.generated.swift in Sources */,
				3DF81CE52B9CCF7F00C722C5 /* TimeInfoRecord.swift in Sources */,
				3DF81CB92B9C48BE00C722C5 /* SceneDelegate.swift in Sources */,
				3DF81CDC2B9CC47E00C722C5 /* TimeLocalStore.swift in Sources */,
				3DF81CD82B9CC42800C722C5 /* TimeRepository.swift in Sources */,
				3DA8B0612B9D8FF7002DCA3A /* DatabaseDefinition.swift in Sources */,
				3DF81CE22B9CCDAF00C722C5 /* DBAccessor.swift in Sources */,
				3DF81CD22B9C4D3600C722C5 /* TimeListViewModel.swift in Sources */,
				3DA8B0632B9D900E002DCA3A /* DatabaseError.swift in Sources */,
				3DF81CDF2B9CCCFA00C722C5 /* TimeInfoDao.swift in Sources */,
				3D9E8CCC2B9DEEBC0051754D /* TimeInfoItem.swift in Sources */,
				3D04EFA82B9D9A21007FCCE8 /* DomainError.swift in Sources */,
				3DA8B05C2B9D88E8002DCA3A /* MainDatabase.swift in Sources */,
			);
			runOnlyForDeploymentPostprocessing = 0;
		};
/* End PBXSourcesBuildPhase section */

/* Begin PBXTargetDependency section */
		3D9E8CDA2B9E02570051754D /* PBXTargetDependency */ = {
			isa = PBXTargetDependency;
			productRef = 3D9E8CD92B9E02570051754D /* RswiftGenerateInternalResources */;
		};
/* End PBXTargetDependency section */

/* Begin PBXVariantGroup section */
		3DF81CBC2B9C48BE00C722C5 /* TimeList.storyboard */ = {
			isa = PBXVariantGroup;
			children = (
				3DF81CBD2B9C48BE00C722C5 /* Base */,
			);
			name = TimeList.storyboard;
			sourceTree = "<group>";
		};
		3DF81CC12B9C48BF00C722C5 /* LaunchScreen.storyboard */ = {
			isa = PBXVariantGroup;
			children = (
				3DF81CC22B9C48BF00C722C5 /* Base */,
			);
			name = LaunchScreen.storyboard;
			sourceTree = "<group>";
		};
/* End PBXVariantGroup section */

/* Begin XCBuildConfiguration section */
		3DF81CC52B9C48BF00C722C5 /* Debug */ = {
			isa = XCBuildConfiguration;
			buildSettings = {
				ALWAYS_SEARCH_USER_PATHS = NO;
				ASSETCATALOG_COMPILER_GENERATE_SWIFT_ASSET_SYMBOL_EXTENSIONS = YES;
				CLANG_ANALYZER_NONNULL = YES;
				CLANG_ANALYZER_NUMBER_OBJECT_CONVERSION = YES_AGGRESSIVE;
				CLANG_CXX_LANGUAGE_STANDARD = "gnu++20";
				CLANG_ENABLE_MODULES = YES;
				CLANG_ENABLE_OBJC_ARC = YES;
				CLANG_ENABLE_OBJC_WEAK = YES;
				CLANG_WARN_BLOCK_CAPTURE_AUTORELEASING = YES;
				CLANG_WARN_BOOL_CONVERSION = YES;
				CLANG_WARN_COMMA = YES;
				CLANG_WARN_CONSTANT_CONVERSION = YES;
				CLANG_WARN_DEPRECATED_OBJC_IMPLEMENTATIONS = YES;
				CLANG_WARN_DIRECT_OBJC_ISA_USAGE = YES_ERROR;
				CLANG_WARN_DOCUMENTATION_COMMENTS = YES;
				CLANG_WARN_EMPTY_BODY = YES;
				CLANG_WARN_ENUM_CONVERSION = YES;
				CLANG_WARN_INFINITE_RECURSION = YES;
				CLANG_WARN_INT_CONVERSION = YES;
				CLANG_WARN_NON_LITERAL_NULL_CONVERSION = YES;
				CLANG_WARN_OBJC_IMPLICIT_RETAIN_SELF = YES;
				CLANG_WARN_OBJC_LITERAL_CONVERSION = YES;
				CLANG_WARN_OBJC_ROOT_CLASS = YES_ERROR;
				CLANG_WARN_QUOTED_INCLUDE_IN_FRAMEWORK_HEADER = YES;
				CLANG_WARN_RANGE_LOOP_ANALYSIS = YES;
				CLANG_WARN_STRICT_PROTOTYPES = YES;
				CLANG_WARN_SUSPICIOUS_MOVE = YES;
				CLANG_WARN_UNGUARDED_AVAILABILITY = YES_AGGRESSIVE;
				CLANG_WARN_UNREACHABLE_CODE = YES;
				CLANG_WARN__DUPLICATE_METHOD_MATCH = YES;
				COPY_PHASE_STRIP = NO;
				DEBUG_INFORMATION_FORMAT = dwarf;
				ENABLE_STRICT_OBJC_MSGSEND = YES;
				ENABLE_TESTABILITY = YES;
				ENABLE_USER_SCRIPT_SANDBOXING = YES;
				GCC_C_LANGUAGE_STANDARD = gnu17;
				GCC_DYNAMIC_NO_PIC = NO;
				GCC_NO_COMMON_BLOCKS = YES;
				GCC_OPTIMIZATION_LEVEL = 0;
				GCC_PREPROCESSOR_DEFINITIONS = (
					"DEBUG=1",
					"$(inherited)",
				);
				GCC_WARN_64_TO_32_BIT_CONVERSION = YES;
				GCC_WARN_ABOUT_RETURN_TYPE = YES_ERROR;
				GCC_WARN_UNDECLARED_SELECTOR = YES;
				GCC_WARN_UNINITIALIZED_AUTOS = YES_AGGRESSIVE;
				GCC_WARN_UNUSED_FUNCTION = YES;
				GCC_WARN_UNUSED_VARIABLE = YES;
				IPHONEOS_DEPLOYMENT_TARGET = 12.0;
				LOCALIZATION_PREFERS_STRING_CATALOGS = YES;
				MTL_ENABLE_DEBUG_INFO = INCLUDE_SOURCE;
				MTL_FAST_MATH = YES;
				ONLY_ACTIVE_ARCH = YES;
				SDKROOT = iphoneos;
				SWIFT_ACTIVE_COMPILATION_CONDITIONS = "DEBUG $(inherited)";
				SWIFT_OPTIMIZATION_LEVEL = "-Onone";
			};
			name = Debug;
		};
		3DF81CC62B9C48BF00C722C5 /* Release */ = {
			isa = XCBuildConfiguration;
			buildSettings = {
				ALWAYS_SEARCH_USER_PATHS = NO;
				ASSETCATALOG_COMPILER_GENERATE_SWIFT_ASSET_SYMBOL_EXTENSIONS = YES;
				CLANG_ANALYZER_NONNULL = YES;
				CLANG_ANALYZER_NUMBER_OBJECT_CONVERSION = YES_AGGRESSIVE;
				CLANG_CXX_LANGUAGE_STANDARD = "gnu++20";
				CLANG_ENABLE_MODULES = YES;
				CLANG_ENABLE_OBJC_ARC = YES;
				CLANG_ENABLE_OBJC_WEAK = YES;
				CLANG_WARN_BLOCK_CAPTURE_AUTORELEASING = YES;
				CLANG_WARN_BOOL_CONVERSION = YES;
				CLANG_WARN_COMMA = YES;
				CLANG_WARN_CONSTANT_CONVERSION = YES;
				CLANG_WARN_DEPRECATED_OBJC_IMPLEMENTATIONS = YES;
				CLANG_WARN_DIRECT_OBJC_ISA_USAGE = YES_ERROR;
				CLANG_WARN_DOCUMENTATION_COMMENTS = YES;
				CLANG_WARN_EMPTY_BODY = YES;
				CLANG_WARN_ENUM_CONVERSION = YES;
				CLANG_WARN_INFINITE_RECURSION = YES;
				CLANG_WARN_INT_CONVERSION = YES;
				CLANG_WARN_NON_LITERAL_NULL_CONVERSION = YES;
				CLANG_WARN_OBJC_IMPLICIT_RETAIN_SELF = YES;
				CLANG_WARN_OBJC_LITERAL_CONVERSION = YES;
				CLANG_WARN_OBJC_ROOT_CLASS = YES_ERROR;
				CLANG_WARN_QUOTED_INCLUDE_IN_FRAMEWORK_HEADER = YES;
				CLANG_WARN_RANGE_LOOP_ANALYSIS = YES;
				CLANG_WARN_STRICT_PROTOTYPES = YES;
				CLANG_WARN_SUSPICIOUS_MOVE = YES;
				CLANG_WARN_UNGUARDED_AVAILABILITY = YES_AGGRESSIVE;
				CLANG_WARN_UNREACHABLE_CODE = YES;
				CLANG_WARN__DUPLICATE_METHOD_MATCH = YES;
				COPY_PHASE_STRIP = NO;
				DEBUG_INFORMATION_FORMAT = "dwarf-with-dsym";
				ENABLE_NS_ASSERTIONS = NO;
				ENABLE_STRICT_OBJC_MSGSEND = YES;
				ENABLE_USER_SCRIPT_SANDBOXING = YES;
				GCC_C_LANGUAGE_STANDARD = gnu17;
				GCC_NO_COMMON_BLOCKS = YES;
				GCC_WARN_64_TO_32_BIT_CONVERSION = YES;
				GCC_WARN_ABOUT_RETURN_TYPE = YES_ERROR;
				GCC_WARN_UNDECLARED_SELECTOR = YES;
				GCC_WARN_UNINITIALIZED_AUTOS = YES_AGGRESSIVE;
				GCC_WARN_UNUSED_FUNCTION = YES;
				GCC_WARN_UNUSED_VARIABLE = YES;
				IPHONEOS_DEPLOYMENT_TARGET = 12.0;
				LOCALIZATION_PREFERS_STRING_CATALOGS = YES;
				MTL_ENABLE_DEBUG_INFO = NO;
				MTL_FAST_MATH = YES;
				SDKROOT = iphoneos;
				SWIFT_COMPILATION_MODE = wholemodule;
				VALIDATE_PRODUCT = YES;
			};
			name = Release;
		};
		3DF81CC82B9C48BF00C722C5 /* Debug */ = {
			isa = XCBuildConfiguration;
			baseConfigurationReference = 3FD51DE5294E1C5682EF2FC5 /* Pods-TimeManagement.debug.xcconfig */;
			buildSettings = {
				ASSETCATALOG_COMPILER_APPICON_NAME = AppIcon;
				ASSETCATALOG_COMPILER_GLOBAL_ACCENT_COLOR_NAME = AccentColor;
				CODE_SIGN_STYLE = Automatic;
				CURRENT_PROJECT_VERSION = 1;
				ENABLE_USER_SCRIPT_SANDBOXING = NO;
				GENERATE_INFOPLIST_FILE = YES;
				INFOPLIST_FILE = TimeManagement/Info.plist;
				INFOPLIST_KEY_UIApplicationSupportsIndirectInputEvents = YES;
				INFOPLIST_KEY_UILaunchStoryboardName = LaunchScreen;
				INFOPLIST_KEY_UIMainStoryboardFile = TimeList;
				INFOPLIST_KEY_UIStatusBarStyle = "";
				INFOPLIST_KEY_UISupportedInterfaceOrientations = UIInterfaceOrientationPortrait;
				IPHONEOS_DEPLOYMENT_TARGET = 12.0;
				LD_RUNPATH_SEARCH_PATHS = (
					"$(inherited)",
					"@executable_path/Frameworks",
				);
				MARKETING_VERSION = 1.0;
				PRODUCT_BUNDLE_IDENTIFIER = s.identifier.TimeManagement;
				PRODUCT_NAME = "$(TARGET_NAME)";
				SWIFT_EMIT_LOC_STRINGS = YES;
				SWIFT_VERSION = 5.0;
				TARGETED_DEVICE_FAMILY = "1,2";
			};
			name = Debug;
		};
		3DF81CC92B9C48BF00C722C5 /* Release */ = {
			isa = XCBuildConfiguration;
			baseConfigurationReference = DAC64527F866F70D4E450B8B /* Pods-TimeManagement.release.xcconfig */;
			buildSettings = {
				ASSETCATALOG_COMPILER_APPICON_NAME = AppIcon;
				ASSETCATALOG_COMPILER_GLOBAL_ACCENT_COLOR_NAME = AccentColor;
				CODE_SIGN_STYLE = Automatic;
				CURRENT_PROJECT_VERSION = 1;
				ENABLE_USER_SCRIPT_SANDBOXING = NO;
				GENERATE_INFOPLIST_FILE = YES;
				INFOPLIST_FILE = TimeManagement/Info.plist;
				INFOPLIST_KEY_UIApplicationSupportsIndirectInputEvents = YES;
				INFOPLIST_KEY_UILaunchStoryboardName = LaunchScreen;
				INFOPLIST_KEY_UIMainStoryboardFile = TimeList;
				INFOPLIST_KEY_UIStatusBarStyle = "";
				INFOPLIST_KEY_UISupportedInterfaceOrientations = UIInterfaceOrientationPortrait;
				IPHONEOS_DEPLOYMENT_TARGET = 12.0;
				LD_RUNPATH_SEARCH_PATHS = (
					"$(inherited)",
					"@executable_path/Frameworks",
				);
				MARKETING_VERSION = 1.0;
				PRODUCT_BUNDLE_IDENTIFIER = s.identifier.TimeManagement;
				PRODUCT_NAME = "$(TARGET_NAME)";
				SWIFT_EMIT_LOC_STRINGS = YES;
				SWIFT_VERSION = 5.0;
				TARGETED_DEVICE_FAMILY = "1,2";
			};
			name = Release;
		};
/* End XCBuildConfiguration section */

/* Begin XCConfigurationList section */
		3DF81CAE2B9C48BE00C722C5 /* Build configuration list for PBXProject "TimeManagement" */ = {
			isa = XCConfigurationList;
			buildConfigurations = (
				3DF81CC52B9C48BF00C722C5 /* Debug */,
				3DF81CC62B9C48BF00C722C5 /* Release */,
			);
			defaultConfigurationIsVisible = 0;
			defaultConfigurationName = Release;
		};
		3DF81CC72B9C48BF00C722C5 /* Build configuration list for PBXNativeTarget "TimeManagement" */ = {
			isa = XCConfigurationList;
			buildConfigurations = (
				3DF81CC82B9C48BF00C722C5 /* Debug */,
				3DF81CC92B9C48BF00C722C5 /* Release */,
			);
			defaultConfigurationIsVisible = 0;
			defaultConfigurationName = Release;
		};
/* End XCConfigurationList section */

/* Begin XCSwiftPackageProductDependency section */
		3D9E8CD92B9E02570051754D /* RswiftGenerateInternalResources */ = {
			isa = XCSwiftPackageProductDependency;
			productName = "plugin:RswiftGenerateInternalResources";
		};
/* End XCSwiftPackageProductDependency section */
	};
	rootObject = 3DF81CAB2B9C48BE00C722C5 /* Project object */;
}
